
Microsoft Visual Studio Solution File, Format Version 12.00
# Visual Studio Version 17
VisualStudioVersion = 17.0.31903.59
MinimumVisualStudioVersion = 10.0.40219.1
Project("{FAE04EC0-301F-11D3-BF4B-00C04F79EFBC}") = "MyPersonalBlog", "MyPersonalBlog\MyPersonalBlog.csproj", "{5F309E0C-E050-4F44-8DD2-6A71FA2D3BF4}"
EndProject
Project("{FAE04EC0-301F-11D3-BF4B-00C04F79EFBC}") = "MyPersonalBlog.Core", "MyPersonalBlog.Core\MyPersonalBlog.Core.csproj", "{A626011A-6F69-402B-A662-9075F2822F85}"
EndProject
Project("{FAE04EC0-301F-11D3-BF4B-00C04F79EFBC}") = "MyPersonalBlog.DataLayer", "MyPersonalBlog.DataLayer\MyPersonalBlog.DataLayer.csproj", "{7D715DFD-F9B3-49E6-BC3A-187C96979020}"
EndProject
Global
	GlobalSection(SolutionConfigurationPlatforms) = preSolution
		Debug|Any CPU = Debug|Any CPU
		Release|Any CPU = Release|Any CPU
	EndGlobalSection
	GlobalSection(ProjectConfigurationPlatforms) = postSolution
		{5F309E0C-E050-4F44-8DD2-6A71FA2D3BF4}.Debug|Any CPU.ActiveCfg = Debug|Any CPU
		{5F309E0C-E050-4F44-8DD2-6A71FA2D3BF4}.Debug|Any CPU.Build.0 = Debug|Any CPU
		{5F309E0C-E050-4F44-8DD2-6A71FA2D3BF4}.Release|Any CPU.ActiveCfg = Release|Any CPU
		{5F309E0C-E050-4F44-8DD2-6A71FA2D3BF4}.Release|Any CPU.Build.0 = Release|Any CPU
		{A626011A-6F69-402B-A662-9075F2822F85}.Debug|Any CPU.ActiveCfg = Debug|Any CPU
		{A626011A-6F69-402B-A662-9075F2822F85}.Debug|Any CPU.Build.0 = Debug|Any CPU
		{A626011A-6F69-402B-A662-9075F2822F85}.Release|Any CPU.ActiveCfg = Release|Any CPU
		{A626011A-6F69-402B-A662-9075F2822F85}.Release|Any CPU.Build.0 = Release|Any CPU
		{7D715DFD-F9B3-49E6-BC3A-187C96979020}.Debug|Any CPU.ActiveCfg = Debug|Any CPU
		{7D715DFD-F9B3-49E6-BC3A-187C96979020}.Debug|Any CPU.Build.0 = Debug|Any CPU
		{7D715DFD-F9B3-49E6-BC3A-187C96979020}.Release|Any CPU.ActiveCfg = Release|Any CPU
		{7D715DFD-F9B3-49E6-BC3A-187C96979020}.Release|Any CPU.Build.0 = Release|Any CPU
	EndGlobalSection
	GlobalSection(SolutionProperties) = preSolution
		HideSolutionNode = FALSE
	EndGlobalSection
	GlobalSection(ExtensibilityGlobals) = postSolution
		SolutionGuid = {016254FE-4AFF-4537-88EB-C38290B21BEC}
	EndGlobalSection
EndGlobal
